{
  "originHash" : "8449c216bdf7db4f114f3f283af951dee65e2dd570e6cc2cd66c9d97e0e5ee1c",
  "pins" : [
    {
      "identity" : "kingfisher",
      "kind" : "remoteSourceControl",
      "location" : "https://github.com/onevcat/Kingfisher.git",
      "state" : {
        "revision" : "d30a5fad881137e2267f96a8e3fc35c58999bb94",
        "version" : "8.6.2"
      }
    },
    {
      "identity" : "tmdb",
      "kind" : "remoteSourceControl",
      "location" : "https://github.com/adamayoung/TMDb",
      "state" : {
        "revision" : "5bafbc6fd1b192ded4865cc059891f36c3f9ba3e",
        "version" : "15.0.1"
      }
    }
  ],
  "version" : 3
}
